
Microsoft Visual Studio Solution File, Format Version 12.00
# Visual Studio Version 17
VisualStudioVersion = 17.7.34031.279
MinimumVisualStudioVersion = 10.0.40219.1
Project("{F184B08F-C81C-45F6-A57F-5ABD9991F28F}") = "timo 00", "timo 00.vbproj", "{0FE08B62-D29F-4E8F-A2C8-3E37229C7CC9}"
EndProject
Global
	GlobalSection(SolutionConfigurationPlatforms) = preSolution
		Debug|Any CPU = Debug|Any CPU
		Release|Any CPU = Release|Any CPU
	EndGlobalSection
	GlobalSection(ProjectConfigurationPlatforms) = postSolution
		{0FE08B62-D29F-4E8F-A2C8-3E37229C7CC9}.Debug|Any CPU.ActiveCfg = Debug|Any CPU
		{0FE08B62-D29F-4E8F-A2C8-3E37229C7CC9}.Debug|Any CPU.Build.0 = Debug|Any CPU
		{0FE08B62-D29F-4E8F-A2C8-3E37229C7CC9}.Release|Any CPU.ActiveCfg = Release|Any CPU
		{0FE08B62-D29F-4E8F-A2C8-3E37229C7CC9}.Release|Any CPU.Build.0 = Release|Any CPU
	EndGlobalSection
	GlobalSection(SolutionProperties) = preSolution
		HideSolutionNode = FALSE
	EndGlobalSection
	GlobalSection(ExtensibilityGlobals) = postSolution
		SolutionGuid = {9E1A3E42-93D3-4394-992E-1DC9BD0F26F5}
	EndGlobalSection
EndGlobal
